
Microsoft Visual Studio Solution File, Format Version 12.00
Project("{FAE04EC0-301F-11D3-BF4B-00C04F79EFBC}") = "musingo-backend", "musingo-backend\musingo-backend.csproj", "{DBECAF4E-8EDC-4B0D-8020-31607D47FCAE}"
EndProject
Global
	GlobalSection(SolutionConfigurationPlatforms) = preSolution
		Debug|Any CPU = Debug|Any CPU
		Release|Any CPU = Release|Any CPU
	EndGlobalSection
	GlobalSection(ProjectConfigurationPlatforms) = postSolution
		{DBECAF4E-8EDC-4B0D-8020-31607D47FCAE}.Debug|Any CPU.ActiveCfg = Debug|Any CPU
		{DBECAF4E-8EDC-4B0D-8020-31607D47FCAE}.Debug|Any CPU.Build.0 = Debug|Any CPU
		{DBECAF4E-8EDC-4B0D-8020-31607D47FCAE}.Release|Any CPU.ActiveCfg = Release|Any CPU
		{DBECAF4E-8EDC-4B0D-8020-31607D47FCAE}.Release|Any CPU.Build.0 = Release|Any CPU
	EndGlobalSection
EndGlobal
